// !$*UTF8*$!
{
	archiveVersion = 1;
	classes = {
	};
	objectVersion = 46;
	objects = {

/* Begin PBXBuildFile section */
		4833EF4C2D2FE1A70047465C /* AppleScriptObjC.framework in Frameworks */ = {isa = PBXBuildFile; fileRef = 4833EF4B2D2FE1A70047465C /* AppleScriptObjC.framework */; };
		4833EF502D2FE1A70047465C /* main.m in Sources */ = {isa = PBXBuildFile; fileRef = 4833EF4F2D2FE1A70047465C /* main.m */; };
		4833EF522D2FE1A70047465C /* AppDelegate.scpt in Sources */ = {isa = PBXBuildFile; fileRef = 4833EF512D2FE1A70047465C /* AppDelegate.scpt */; };
		4833EF542D2FE1A80047465C /* Assets.xcassets in Resources */ = {isa = PBXBuildFile; fileRef = 4833EF532D2FE1A80047465C /* Assets.xcassets */; };
		4833EF572D2FE1A80047465C /* MainMenu.xib in Resources */ = {isa = PBXBuildFile; fileRef = 4833EF552D2FE1A80047465C /* MainMenu.xib */; };
		4833EF672D2FEC7E0047465C /* Localizable.strings in Resources */ = {isa = PBXBuildFile; fileRef = 4833EF652D2FEC7E0047465C /* Localizable.strings */; };
		4833EF732D2FFCDC0047465C /* Drop_Rename_AllTests.m in Sources */ = {isa = PBXBuildFile; fileRef = 4833EF722D2FFCDC0047465C /* Drop_Rename_AllTests.m */; };
		4833EF7F2D3002D20047465C /* AppleScriptObjC.framework in Frameworks */ = {isa = PBXBuildFile; fileRef = 4833EF4B2D2FE1A70047465C /* AppleScriptObjC.framework */; };
		4833EF812D3003990047465C /* XCTest.framework in Frameworks */ = {isa = PBXBuildFile; fileRef = 4833EF802D3003990047465C /* XCTest.framework */; };
		4833EF832D3005A10047465C /* EmptyTestFile.txt in Resources */ = {isa = PBXBuildFile; fileRef = 4833EF822D3005A10047465C /* EmptyTestFile.txt */; };
		4833EF862D300B850047465C /* AppleScriptRunner.m in Sources */ = {isa = PBXBuildFile; fileRef = 4833EF852D300B850047465C /* AppleScriptRunner.m */; };
/* End PBXBuildFile section */

/* Begin PBXContainerItemProxy section */
		4833EF752D2FFCDC0047465C /* PBXContainerItemProxy */ = {
			isa = PBXContainerItemProxy;
			containerPortal = 4833EF402D2FE1A70047465C /* Project object */;
			proxyType = 1;
			remoteGlobalIDString = 4833EF472D2FE1A70047465C;
			remoteInfo = "Drop Rename All";
		};
/* End PBXContainerItemProxy section */

/* Begin PBXFileReference section */
		4833EF482D2FE1A70047465C /* Drop Rename All.app */ = {isa = PBXFileReference; explicitFileType = wrapper.application; includeInIndex = 0; path = "Drop Rename All.app"; sourceTree = BUILT_PRODUCTS_DIR; };
		4833EF4B2D2FE1A70047465C /* AppleScriptObjC.framework */ = {isa = PBXFileReference; lastKnownFileType = wrapper.framework; name = AppleScriptObjC.framework; path = System/Library/Frameworks/AppleScriptObjC.framework; sourceTree = SDKROOT; };
		4833EF4F2D2FE1A70047465C /* main.m */ = {isa = PBXFileReference; lastKnownFileType = sourcecode.c.objc; path = main.m; sourceTree = "<group>"; };
		4833EF512D2FE1A70047465C /* AppDelegate.scpt */ = {isa = PBXFileReference; lastKnownFileType = text; path = AppDelegate.scpt; sourceTree = "<group>"; };
		4833EF532D2FE1A80047465C /* Assets.xcassets */ = {isa = PBXFileReference; lastKnownFileType = folder.assetcatalog; path = Assets.xcassets; sourceTree = "<group>"; };
		4833EF562D2FE1A80047465C /* Base */ = {isa = PBXFileReference; lastKnownFileType = file.xib; name = Base; path = Base.lproj/MainMenu.xib; sourceTree = "<group>"; };
		4833EF582D2FE1A80047465C /* Info.plist */ = {isa = PBXFileReference; lastKnownFileType = text.plist.xml; path = Info.plist; sourceTree = "<group>"; };
		4833EF5F2D2FE5530047465C /* en */ = {isa = PBXFileReference; lastKnownFileType = text.plist.strings; name = en; path = en.lproj/MainMenu.strings; sourceTree = "<group>"; };
		4833EF642D2FE7BC0047465C /* fr */ = {isa = PBXFileReference; lastKnownFileType = text.plist.strings; name = fr; path = fr.lproj/MainMenu.strings; sourceTree = "<group>"; };
		4833EF662D2FEC7E0047465C /* fr */ = {isa = PBXFileReference; lastKnownFileType = text.plist.strings; name = fr; path = fr.lproj/Localizable.strings; sourceTree = "<group>"; };
		4833EF682D2FEC9A0047465C /* en */ = {isa = PBXFileReference; lastKnownFileType = text.plist.strings; name = en; path = en.lproj/Localizable.strings; sourceTree = "<group>"; };
		4833EF702D2FFCDC0047465C /* Drop Rename AllTests.xctest */ = {isa = PBXFileReference; explicitFileType = wrapper.cfbundle; includeInIndex = 0; path = "Drop Rename AllTests.xctest"; sourceTree = BUILT_PRODUCTS_DIR; };
		4833EF722D2FFCDC0047465C /* Drop_Rename_AllTests.m */ = {isa = PBXFileReference; lastKnownFileType = sourcecode.c.objc; path = Drop_Rename_AllTests.m; sourceTree = "<group>"; };
		4833EF742D2FFCDC0047465C /* Info.plist */ = {isa = PBXFileReference; lastKnownFileType = text.plist.xml; path = Info.plist; sourceTree = "<group>"; };
		4833EF802D3003990047465C /* XCTest.framework */ = {isa = PBXFileReference; lastKnownFileType = wrapper.framework; name = XCTest.framework; path = Platforms/MacOSX.platform/Developer/Library/Frameworks/XCTest.framework; sourceTree = DEVELOPER_DIR; };
		4833EF822D3005A10047465C /* EmptyTestFile.txt */ = {isa = PBXFileReference; fileEncoding = 4; lastKnownFileType = text; path = EmptyTestFile.txt; sourceTree = "<group>"; };
		4833EF842D300B850047465C /* AppleScriptRunner.h */ = {isa = PBXFileReference; fileEncoding = 4; lastKnownFileType = sourcecode.c.h; path = AppleScriptRunner.h; sourceTree = "<group>"; };
		4833EF852D300B850047465C /* AppleScriptRunner.m */ = {isa = PBXFileReference; fileEncoding = 4; lastKnownFileType = sourcecode.c.objc; path = AppleScriptRunner.m; sourceTree = "<group>"; };
/* End PBXFileReference section */

/* Begin PBXFrameworksBuildPhase section */
		4833EF452D2FE1A70047465C /* Frameworks */ = {
			isa = PBXFrameworksBuildPhase;
			buildActionMask = 2147483647;
			files = (
				4833EF4C2D2FE1A70047465C /* AppleScriptObjC.framework in Frameworks */,
			);
			runOnlyForDeploymentPostprocessing = 0;
		};
		4833EF6D2D2FFCDC0047465C /* Frameworks */ = {
			isa = PBXFrameworksBuildPhase;
			buildActionMask = 2147483647;
			files = (
				4833EF812D3003990047465C /* XCTest.framework in Frameworks */,
				4833EF7F2D3002D20047465C /* AppleScriptObjC.framework in Frameworks */,
			);
			runOnlyForDeploymentPostprocessing = 0;
		};
/* End PBXFrameworksBuildPhase section */

/* Begin PBXGroup section */
		4833EF3F2D2FE1A70047465C = {
			isa = PBXGroup;
			children = (
				4833EF4D2D2FE1A70047465C /* Drop Rename All */,
				4833EF712D2FFCDC0047465C /* Drop Rename AllTests */,
				4833EF4A2D2FE1A70047465C /* Frameworks */,
				4833EF492D2FE1A70047465C /* Products */,
			);
			sourceTree = "<group>";
		};
		4833EF492D2FE1A70047465C /* Products */ = {
			isa = PBXGroup;
			children = (
				4833EF482D2FE1A70047465C /* Drop Rename All.app */,
				4833EF702D2FFCDC0047465C /* Drop Rename AllTests.xctest */,
			);
			name = Products;
			sourceTree = "<group>";
		};
		4833EF4A2D2FE1A70047465C /* Frameworks */ = {
			isa = PBXGroup;
			children = (
				4833EF802D3003990047465C /* XCTest.framework */,
				4833EF4B2D2FE1A70047465C /* AppleScriptObjC.framework */,
			);
			name = Frameworks;
			sourceTree = "<group>";
		};
		4833EF4D2D2FE1A70047465C /* Drop Rename All */ = {
			isa = PBXGroup;
			children = (
				4833EF512D2FE1A70047465C /* AppDelegate.scpt */,
				4833EF652D2FEC7E0047465C /* Localizable.strings */,
				4833EF532D2FE1A80047465C /* Assets.xcassets */,
				4833EF552D2FE1A80047465C /* MainMenu.xib */,
				4833EF582D2FE1A80047465C /* Info.plist */,
				4833EF4E2D2FE1A70047465C /* Supporting Files */,
			);
			path = "Drop Rename All";
			sourceTree = "<group>";
		};
		4833EF4E2D2FE1A70047465C /* Supporting Files */ = {
			isa = PBXGroup;
			children = (
				4833EF4F2D2FE1A70047465C /* main.m */,
			);
			name = "Supporting Files";
			sourceTree = "<group>";
		};
		4833EF712D2FFCDC0047465C /* Drop Rename AllTests */ = {
			isa = PBXGroup;
			children = (
				4833EF722D2FFCDC0047465C /* Drop_Rename_AllTests.m */,
				4833EF742D2FFCDC0047465C /* Info.plist */,
				4833EF822D3005A10047465C /* EmptyTestFile.txt */,
				4833EF842D300B850047465C /* AppleScriptRunner.h */,
				4833EF852D300B850047465C /* AppleScriptRunner.m */,
			);
			path = "Drop Rename AllTests";
			sourceTree = "<group>";
		};
/* End PBXGroup section */

/* Begin PBXNativeTarget section */
		4833EF472D2FE1A70047465C /* Drop Rename All */ = {
			isa = PBXNativeTarget;
			buildConfigurationList = 4833EF5B2D2FE1A80047465C /* Build configuration list for PBXNativeTarget "Drop Rename All" */;
			buildPhases = (
				4833EF442D2FE1A70047465C /* Sources */,
				4833EF452D2FE1A70047465C /* Frameworks */,
				4833EF462D2FE1A70047465C /* Resources */,
			);
			buildRules = (
			);
			dependencies = (
			);
			name = "Drop Rename All";
			productName = "Drop Rename All";
			productReference = 4833EF482D2FE1A70047465C /* Drop Rename All.app */;
			productType = "com.apple.product-type.application";
		};
		4833EF6F2D2FFCDC0047465C /* Drop Rename AllTests */ = {
			isa = PBXNativeTarget;
			buildConfigurationList = 4833EF772D2FFCDC0047465C /* Build configuration list for PBXNativeTarget "Drop Rename AllTests" */;
			buildPhases = (
				4833EF6C2D2FFCDC0047465C /* Sources */,
				4833EF6D2D2FFCDC0047465C /* Frameworks */,
				4833EF6E2D2FFCDC0047465C /* Resources */,
			);
			buildRules = (
			);
			dependencies = (
				4833EF762D2FFCDC0047465C /* PBXTargetDependency */,
			);
			name = "Drop Rename AllTests";
			productName = "Drop Rename AllTests";
			productReference = 4833EF702D2FFCDC0047465C /* Drop Rename AllTests.xctest */;
			productType = "com.apple.product-type.bundle.unit-test";
		};
/* End PBXNativeTarget section */

/* Begin PBXProject section */
		4833EF402D2FE1A70047465C /* Project object */ = {
			isa = PBXProject;
			attributes = {
				LastUpgradeCheck = 0820;
				ORGANIZATIONNAME = b23FF4U;
				TargetAttributes = {
					4833EF472D2FE1A70047465C = {
						CreatedOnToolsVersion = 8.2.1;
						ProvisioningStyle = Automatic;
					};
					4833EF6F2D2FFCDC0047465C = {
						CreatedOnToolsVersion = 8.2.1;
						ProvisioningStyle = Automatic;
						TestTargetID = 4833EF472D2FE1A70047465C;
					};
				};
			};
			buildConfigurationList = 4833EF432D2FE1A70047465C /* Build configuration list for PBXProject "Drop Rename All" */;
			compatibilityVersion = "Xcode 3.2";
			developmentRegion = English;
			hasScannedForEncodings = 0;
			knownRegions = (
				en,
				Base,
				fr,
			);
			mainGroup = 4833EF3F2D2FE1A70047465C;
			productRefGroup = 4833EF492D2FE1A70047465C /* Products */;
			projectDirPath = "";
			projectRoot = "";
			targets = (
				4833EF472D2FE1A70047465C /* Drop Rename All */,
				4833EF6F2D2FFCDC0047465C /* Drop Rename AllTests */,
			);
		};
/* End PBXProject section */

/* Begin PBXResourcesBuildPhase section */
		4833EF462D2FE1A70047465C /* Resources */ = {
			isa = PBXResourcesBuildPhase;
			buildActionMask = 2147483647;
			files = (
				4833EF542D2FE1A80047465C /* Assets.xcassets in Resources */,
				4833EF672D2FEC7E0047465C /* Localizable.strings in Resources */,
				4833EF572D2FE1A80047465C /* MainMenu.xib in Resources */,
			);
			runOnlyForDeploymentPostprocessing = 0;
		};
		4833EF6E2D2FFCDC0047465C /* Resources */ = {
			isa = PBXResourcesBuildPhase;
			buildActionMask = 2147483647;
			files = (
				4833EF832D3005A10047465C /* EmptyTestFile.txt in Resources */,
			);
			runOnlyForDeploymentPostprocessing = 0;
		};
/* End PBXResourcesBuildPhase section */

/* Begin PBXSourcesBuildPhase section */
		4833EF442D2FE1A70047465C /* Sources */ = {
			isa = PBXSourcesBuildPhase;
			buildActionMask = 2147483647;
			files = (
				4833EF522D2FE1A70047465C /* AppDelegate.scpt in Sources */,
				4833EF502D2FE1A70047465C /* main.m in Sources */,
			);
			runOnlyForDeploymentPostprocessing = 0;
		};
		4833EF6C2D2FFCDC0047465C /* Sources */ = {
			isa = PBXSourcesBuildPhase;
			buildActionMask = 2147483647;
			files = (
				4833EF862D300B850047465C /* AppleScriptRunner.m in Sources */,
				4833EF732D2FFCDC0047465C /* Drop_Rename_AllTests.m in Sources */,
			);
			runOnlyForDeploymentPostprocessing = 0;
		};
/* End PBXSourcesBuildPhase section */

/* Begin PBXTargetDependency section */
		4833EF762D2FFCDC0047465C /* PBXTargetDependency */ = {
			isa = PBXTargetDependency;
			target = 4833EF472D2FE1A70047465C /* Drop Rename All */;
			targetProxy = 4833EF752D2FFCDC0047465C /* PBXContainerItemProxy */;
		};
/* End PBXTargetDependency section */

/* Begin PBXVariantGroup section */
		4833EF552D2FE1A80047465C /* MainMenu.xib */ = {
			isa = PBXVariantGroup;
			children = (
				4833EF562D2FE1A80047465C /* Base */,
				4833EF5F2D2FE5530047465C /* en */,
				4833EF642D2FE7BC0047465C /* fr */,
			);
			name = MainMenu.xib;
			sourceTree = "<group>";
		};
		4833EF652D2FEC7E0047465C /* Localizable.strings */ = {
			isa = PBXVariantGroup;
			children = (
				4833EF662D2FEC7E0047465C /* fr */,
				4833EF682D2FEC9A0047465C /* en */,
			);
			name = Localizable.strings;
			sourceTree = "<group>";
		};
/* End PBXVariantGroup section */

/* Begin XCBuildConfiguration section */
		4833EF592D2FE1A80047465C /* Debug */ = {
			isa = XCBuildConfiguration;
			buildSettings = {
				ALWAYS_SEARCH_USER_PATHS = NO;
				CLANG_ANALYZER_NONNULL = YES;
				CLANG_CXX_LANGUAGE_STANDARD = "gnu++0x";
				CLANG_CXX_LIBRARY = "libc++";
				CLANG_ENABLE_MODULES = YES;
				CLANG_ENABLE_OBJC_ARC = YES;
				CLANG_WARN_BOOL_CONVERSION = YES;
				CLANG_WARN_CONSTANT_CONVERSION = YES;
				CLANG_WARN_DIRECT_OBJC_ISA_USAGE = YES_ERROR;
				CLANG_WARN_DOCUMENTATION_COMMENTS = YES;
				CLANG_WARN_EMPTY_BODY = YES;
				CLANG_WARN_ENUM_CONVERSION = YES;
				CLANG_WARN_INFINITE_RECURSION = YES;
				CLANG_WARN_INT_CONVERSION = YES;
				CLANG_WARN_OBJC_ROOT_CLASS = YES_ERROR;
				CLANG_WARN_SUSPICIOUS_MOVE = YES;
				CLANG_WARN_UNREACHABLE_CODE = YES;
				CLANG_WARN__DUPLICATE_METHOD_MATCH = YES;
				CODE_SIGN_IDENTITY = "-";
				COPY_PHASE_STRIP = NO;
				DEBUG_INFORMATION_FORMAT = dwarf;
				ENABLE_STRICT_OBJC_MSGSEND = YES;
				ENABLE_TESTABILITY = YES;
				GCC_C_LANGUAGE_STANDARD = gnu99;
				GCC_DYNAMIC_NO_PIC = NO;
				GCC_NO_COMMON_BLOCKS = YES;
				GCC_OPTIMIZATION_LEVEL = 0;
				GCC_PREPROCESSOR_DEFINITIONS = (
					"DEBUG=1",
					"$(inherited)",
				);
				GCC_WARN_64_TO_32_BIT_CONVERSION = YES;
				GCC_WARN_ABOUT_RETURN_TYPE = YES_ERROR;
				GCC_WARN_UNDECLARED_SELECTOR = YES;
				GCC_WARN_UNINITIALIZED_AUTOS = YES_AGGRESSIVE;
				GCC_WARN_UNUSED_FUNCTION = YES;
				GCC_WARN_UNUSED_VARIABLE = YES;
				MACOSX_DEPLOYMENT_TARGET = 10.11;
				MTL_ENABLE_DEBUG_INFO = YES;
				ONLY_ACTIVE_ARCH = YES;
				SDKROOT = macosx;
			};
			name = Debug;
		};
		4833EF5A2D2FE1A80047465C /* Release */ = {
			isa = XCBuildConfiguration;
			buildSettings = {
				ALWAYS_SEARCH_USER_PATHS = NO;
				CLANG_ANALYZER_NONNULL = YES;
				CLANG_CXX_LANGUAGE_STANDARD = "gnu++0x";
				CLANG_CXX_LIBRARY = "libc++";
				CLANG_ENABLE_MODULES = YES;
				CLANG_ENABLE_OBJC_ARC = YES;
				CLANG_WARN_BOOL_CONVERSION = YES;
				CLANG_WARN_CONSTANT_CONVERSION = YES;
				CLANG_WARN_DIRECT_OBJC_ISA_USAGE = YES_ERROR;
				CLANG_WARN_DOCUMENTATION_COMMENTS = YES;
				CLANG_WARN_EMPTY_BODY = YES;
				CLANG_WARN_ENUM_CONVERSION = YES;
				CLANG_WARN_INFINITE_RECURSION = YES;
				CLANG_WARN_INT_CONVERSION = YES;
				CLANG_WARN_OBJC_ROOT_CLASS = YES_ERROR;
				CLANG_WARN_SUSPICIOUS_MOVE = YES;
				CLANG_WARN_UNREACHABLE_CODE = YES;
				CLANG_WARN__DUPLICATE_METHOD_MATCH = YES;
				CODE_SIGN_IDENTITY = "-";
				COPY_PHASE_STRIP = NO;
				DEBUG_INFORMATION_FORMAT = "dwarf-with-dsym";
				ENABLE_NS_ASSERTIONS = NO;
				ENABLE_STRICT_OBJC_MSGSEND = YES;
				GCC_C_LANGUAGE_STANDARD = gnu99;
				GCC_NO_COMMON_BLOCKS = YES;
				GCC_WARN_64_TO_32_BIT_CONVERSION = YES;
				GCC_WARN_ABOUT_RETURN_TYPE = YES_ERROR;
				GCC_WARN_UNDECLARED_SELECTOR = YES;
				GCC_WARN_UNINITIALIZED_AUTOS = YES_AGGRESSIVE;
				GCC_WARN_UNUSED_FUNCTION = YES;
				GCC_WARN_UNUSED_VARIABLE = YES;
				MACOSX_DEPLOYMENT_TARGET = 10.11;
				MTL_ENABLE_DEBUG_INFO = NO;
				SDKROOT = macosx;
			};
			name = Release;
		};
		4833EF5C2D2FE1A80047465C /* Debug */ = {
			isa = XCBuildConfiguration;
			buildSettings = {
				ASSETCATALOG_COMPILER_APPICON_NAME = AppIcon;
				COMBINE_HIDPI_IMAGES = YES;
				INFOPLIST_FILE = "Drop Rename All/Info.plist";
				LD_RUNPATH_SEARCH_PATHS = "$(inherited) @executable_path/../Frameworks";
				PRODUCT_BUNDLE_IDENTIFIER = "www.b23prodtm.info.Drop-Rename-All";
				PRODUCT_NAME = "$(TARGET_NAME)";
			};
			name = Debug;
		};
		4833EF5D2D2FE1A80047465C /* Release */ = {
			isa = XCBuildConfiguration;
			buildSettings = {
				ASSETCATALOG_COMPILER_APPICON_NAME = AppIcon;
				COMBINE_HIDPI_IMAGES = YES;
				INFOPLIST_FILE = "Drop Rename All/Info.plist";
				LD_RUNPATH_SEARCH_PATHS = "$(inherited) @executable_path/../Frameworks";
				PRODUCT_BUNDLE_IDENTIFIER = "www.b23prodtm.info.Drop-Rename-All";
				PRODUCT_NAME = "$(TARGET_NAME)";
			};
			name = Release;
		};
		4833EF782D2FFCDC0047465C /* Debug */ = {
			isa = XCBuildConfiguration;
			buildSettings = {
				BUNDLE_LOADER = "$(TEST_HOST)";
				COMBINE_HIDPI_IMAGES = YES;
				INFOPLIST_FILE = "Drop Rename AllTests/Info.plist";
				LD_RUNPATH_SEARCH_PATHS = "$(inherited) @executable_path/../Frameworks @loader_path/../Frameworks";
				PRODUCT_BUNDLE_IDENTIFIER = "www.b23prodtm.info.Drop-Rename-AllTests";
				PRODUCT_NAME = "$(TARGET_NAME)";
				TEST_HOST = "$(BUILT_PRODUCTS_DIR)/Drop Rename All.app/Contents/MacOS/Drop Rename All";
			};
			name = Debug;
		};
		4833EF792D2FFCDC0047465C /* Release */ = {
			isa = XCBuildConfiguration;
			buildSettings = {
				BUNDLE_LOADER = "$(TEST_HOST)";
				COMBINE_HIDPI_IMAGES = YES;
				INFOPLIST_FILE = "Drop Rename AllTests/Info.plist";
				LD_RUNPATH_SEARCH_PATHS = "$(inherited) @executable_path/../Frameworks @loader_path/../Frameworks";
				PRODUCT_BUNDLE_IDENTIFIER = "www.b23prodtm.info.Drop-Rename-AllTests";
				PRODUCT_NAME = "$(TARGET_NAME)";
				TEST_HOST = "$(BUILT_PRODUCTS_DIR)/Drop Rename All.app/Contents/MacOS/Drop Rename All";
			};
			name = Release;
		};
/* End XCBuildConfiguration section */

/* Begin XCConfigurationList section */
		4833EF432D2FE1A70047465C /* Build configuration list for PBXProject "Drop Rename All" */ = {
			isa = XCConfigurationList;
			buildConfigurations = (
				4833EF592D2FE1A80047465C /* Debug */,
				4833EF5A2D2FE1A80047465C /* Release */,
			);
			defaultConfigurationIsVisible = 0;
			defaultConfigurationName = Release;
		};
		4833EF5B2D2FE1A80047465C /* Build configuration list for PBXNativeTarget "Drop Rename All" */ = {
			isa = XCConfigurationList;
			buildConfigurations = (
				4833EF5C2D2FE1A80047465C /* Debug */,
				4833EF5D2D2FE1A80047465C /* Release */,
			);
			defaultConfigurationIsVisible = 0;
			defaultConfigurationName = Release;
		};
		4833EF772D2FFCDC0047465C /* Build configuration list for PBXNativeTarget "Drop Rename AllTests" */ = {
			isa = XCConfigurationList;
			buildConfigurations = (
				4833EF782D2FFCDC0047465C /* Debug */,
				4833EF792D2FFCDC0047465C /* Release */,
			);
			defaultConfigurationIsVisible = 0;
			defaultConfigurationName = Release;
		};
/* End XCConfigurationList section */
	};
	rootObject = 4833EF402D2FE1A70047465C /* Project object */;
}
